
Microsoft Visual Studio Solution File, Format Version 12.00
# Visual Studio Version 16
VisualStudioVersion = 16.0.30907.101
MinimumVisualStudioVersion = 10.0.40219.1
Project("{9A19103F-16F7-4668-BE54-9A1E7A4F7556}") = "WinEchoUI", "WinEchoUI\WinEchoUI.csproj", "{24D7046A-2994-4D4E-BB0C-2390E932CFEE}"
EndProject
Project("{9A19103F-16F7-4668-BE54-9A1E7A4F7556}") = "WinEcho.NET", "WinEcho.NET\WinEcho.NET.csproj", "{9AF37B86-0716-4820-999B-07B0E15725C5}"
EndProject
Global
	GlobalSection(SolutionConfigurationPlatforms) = preSolution
		Debug|Any CPU = Debug|Any CPU
		Debug|x64 = Debug|x64
		Debug|x86 = Debug|x86
		Release|Any CPU = Release|Any CPU
		Release|x64 = Release|x64
		Release|x86 = Release|x86
	EndGlobalSection
	GlobalSection(ProjectConfigurationPlatforms) = postSolution
		{24D7046A-2994-4D4E-BB0C-2390E932CFEE}.Debug|Any CPU.ActiveCfg = Debug|Any CPU
		{24D7046A-2994-4D4E-BB0C-2390E932CFEE}.Debug|Any CPU.Build.0 = Debug|Any CPU
		{24D7046A-2994-4D4E-BB0C-2390E932CFEE}.Debug|x64.ActiveCfg = Debug|x64
		{24D7046A-2994-4D4E-BB0C-2390E932CFEE}.Debug|x64.Build.0 = Debug|x64
		{24D7046A-2994-4D4E-BB0C-2390E932CFEE}.Debug|x86.ActiveCfg = Debug|x86
		{24D7046A-2994-4D4E-BB0C-2390E932CFEE}.Debug|x86.Build.0 = Debug|x86
		{24D7046A-2994-4D4E-BB0C-2390E932CFEE}.Release|Any CPU.ActiveCfg = Release|Any CPU
		{24D7046A-2994-4D4E-BB0C-2390E932CFEE}.Release|Any CPU.Build.0 = Release|Any CPU
		{24D7046A-2994-4D4E-BB0C-2390E932CFEE}.Release|x64.ActiveCfg = Release|x64
		{24D7046A-2994-4D4E-BB0C-2390E932CFEE}.Release|x64.Build.0 = Release|x64
		{24D7046A-2994-4D4E-BB0C-2390E932CFEE}.Release|x86.ActiveCfg = Release|x86
		{24D7046A-2994-4D4E-BB0C-2390E932CFEE}.Release|x86.Build.0 = Release|x86
		{9AF37B86-0716-4820-999B-07B0E15725C5}.Debug|Any CPU.ActiveCfg = Debug|Any CPU
		{9AF37B86-0716-4820-999B-07B0E15725C5}.Debug|Any CPU.Build.0 = Debug|Any CPU
		{9AF37B86-0716-4820-999B-07B0E15725C5}.Debug|x64.ActiveCfg = Debug|x64
		{9AF37B86-0716-4820-999B-07B0E15725C5}.Debug|x64.Build.0 = Debug|x64
		{9AF37B86-0716-4820-999B-07B0E15725C5}.Debug|x86.ActiveCfg = Debug|x86
		{9AF37B86-0716-4820-999B-07B0E15725C5}.Debug|x86.Build.0 = Debug|x86
		{9AF37B86-0716-4820-999B-07B0E15725C5}.Release|Any CPU.ActiveCfg = Release|Any CPU
		{9AF37B86-0716-4820-999B-07B0E15725C5}.Release|Any CPU.Build.0 = Release|Any CPU
		{9AF37B86-0716-4820-999B-07B0E15725C5}.Release|x64.ActiveCfg = Release|x64
		{9AF37B86-0716-4820-999B-07B0E15725C5}.Release|x64.Build.0 = Release|x64
		{9AF37B86-0716-4820-999B-07B0E15725C5}.Release|x86.ActiveCfg = Release|x86
		{9AF37B86-0716-4820-999B-07B0E15725C5}.Release|x86.Build.0 = Release|x86
	EndGlobalSection
	GlobalSection(SolutionProperties) = preSolution
		HideSolutionNode = FALSE
	EndGlobalSection
	GlobalSection(ExtensibilityGlobals) = postSolution
		SolutionGuid = {A55E878C-B402-4F64-AAD3-7688B08ADCC3}
	EndGlobalSection
EndGlobal
